
Microsoft Visual Studio Solution File, Format Version 12.00
# Visual Studio Version 17
VisualStudioVersion = 17.0.32014.148
MinimumVisualStudioVersion = 10.0.40219.1
Project("{F2A71F9B-5D33-465A-A702-920D77279786}") = "FsGravitySucks", "FsGravitySucks\FsGravitySucks.fsproj", "{2D216DC7-402C-4204-A7EA-3C5E5C4B9143}"
EndProject
Global
	GlobalSection(SolutionConfigurationPlatforms) = preSolution
		Debug|Any CPU = Debug|Any CPU
		Release|Any CPU = Release|Any CPU
	EndGlobalSection
	GlobalSection(ProjectConfigurationPlatforms) = postSolution
		{2D216DC7-402C-4204-A7EA-3C5E5C4B9143}.Debug|Any CPU.ActiveCfg = Debug|Any CPU
		{2D216DC7-402C-4204-A7EA-3C5E5C4B9143}.Debug|Any CPU.Build.0 = Debug|Any CPU
		{2D216DC7-402C-4204-A7EA-3C5E5C4B9143}.Release|Any CPU.ActiveCfg = Release|Any CPU
		{2D216DC7-402C-4204-A7EA-3C5E5C4B9143}.Release|Any CPU.Build.0 = Release|Any CPU
	EndGlobalSection
	GlobalSection(SolutionProperties) = preSolution
		HideSolutionNode = FALSE
	EndGlobalSection
	GlobalSection(ExtensibilityGlobals) = postSolution
		SolutionGuid = {D3853373-7700-4DA3-9523-CF3D89706427}
	EndGlobalSection
EndGlobal
